
Microsoft Visual Studio Solution File, Format Version 12.00
# Visual Studio Version 17
VisualStudioVersion = 17.5.33414.496
MinimumVisualStudioVersion = 10.0.40219.1
Project("{FAE04EC0-301F-11D3-BF4B-00C04F79EFBC}") = "28.1", "28.1\28.1.csproj", "{D1B37921-1F84-43B9-B5F9-764001EE640C}"
EndProject
Global
	GlobalSection(SolutionConfigurationPlatforms) = preSolution
		Debug|Any CPU = Debug|Any CPU
		Release|Any CPU = Release|Any CPU
	EndGlobalSection
	GlobalSection(ProjectConfigurationPlatforms) = postSolution
		{D1B37921-1F84-43B9-B5F9-764001EE640C}.Debug|Any CPU.ActiveCfg = Debug|Any CPU
		{D1B37921-1F84-43B9-B5F9-764001EE640C}.Debug|Any CPU.Build.0 = Debug|Any CPU
		{D1B37921-1F84-43B9-B5F9-764001EE640C}.Release|Any CPU.ActiveCfg = Release|Any CPU
		{D1B37921-1F84-43B9-B5F9-764001EE640C}.Release|Any CPU.Build.0 = Release|Any CPU
	EndGlobalSection
	GlobalSection(SolutionProperties) = preSolution
		HideSolutionNode = FALSE
	EndGlobalSection
	GlobalSection(ExtensibilityGlobals) = postSolution
		SolutionGuid = {91A34C49-9C72-4702-BC31-6AB40D363142}
	EndGlobalSection
EndGlobal
